
Microsoft Visual Studio Solution File, Format Version 12.00
# Visual Studio Version 16
VisualStudioVersion = 16.0.28315.86
MinimumVisualStudioVersion = 10.0.40219.1
Project("{2150E333-8FDC-42A3-9474-1A3956D46DE8}") = "Solution Items", "Solution Items", "{5AB13D4A-CCA9-4616-A5D2-9255D164697F}"
	ProjectSection(SolutionItems) = preProject
		azure-pipelines.yml = azure-pipelines.yml
		icon.png = icon.png
		icon.svg = icon.svg
		License.txt = License.txt
		README.md = README.md
	EndProjectSection
EndProject
Project("{9A19103F-16F7-4668-BE54-9A1E7A4F7556}") = "DiceTool", "src\DiceTool\DiceTool.csproj", "{2F8660AB-27BC-459D-9536-8F1C8273C8B3}"
EndProject
Project("{9A19103F-16F7-4668-BE54-9A1E7A4F7556}") = "DiceToolSample", "src\DiceToolSample\DiceToolSample.csproj", "{2D767EAC-A60A-4F06-B6E5-4E5028C47DF1}"
EndProject
Project("{9A19103F-16F7-4668-BE54-9A1E7A4F7556}") = "DiceTool.Parser", "src\DiceTool.Parser\DiceTool.Parser.csproj", "{6194D7D2-8D83-45C3-9F26-BAAFAD3BCE42}"
EndProject
Project("{9A19103F-16F7-4668-BE54-9A1E7A4F7556}") = "DiceTool.Ui", "src\DiceTool.Ui\DiceTool.Ui.csproj", "{4923D4B4-9884-44BF-84A0-9EA4030DC7F2}"
EndProject
Project("{FAE04EC0-301F-11D3-BF4B-00C04F79EFBC}") = "DiceTool.Web", "DiceTool.Web\DiceTool.Web.csproj", "{AA9AFCF2-83CF-4657-ADE9-EE648EF5BC8D}"
EndProject
Global
	GlobalSection(SolutionConfigurationPlatforms) = preSolution
		Debug|Any CPU = Debug|Any CPU
		Release|Any CPU = Release|Any CPU
	EndGlobalSection
	GlobalSection(ProjectConfigurationPlatforms) = postSolution
		{2F8660AB-27BC-459D-9536-8F1C8273C8B3}.Debug|Any CPU.ActiveCfg = Debug|Any CPU
		{2F8660AB-27BC-459D-9536-8F1C8273C8B3}.Debug|Any CPU.Build.0 = Debug|Any CPU
		{2F8660AB-27BC-459D-9536-8F1C8273C8B3}.Release|Any CPU.ActiveCfg = Release|Any CPU
		{2F8660AB-27BC-459D-9536-8F1C8273C8B3}.Release|Any CPU.Build.0 = Release|Any CPU
		{2D767EAC-A60A-4F06-B6E5-4E5028C47DF1}.Debug|Any CPU.ActiveCfg = Debug|Any CPU
		{2D767EAC-A60A-4F06-B6E5-4E5028C47DF1}.Debug|Any CPU.Build.0 = Debug|Any CPU
		{2D767EAC-A60A-4F06-B6E5-4E5028C47DF1}.Release|Any CPU.ActiveCfg = Release|Any CPU
		{2D767EAC-A60A-4F06-B6E5-4E5028C47DF1}.Release|Any CPU.Build.0 = Release|Any CPU
		{6194D7D2-8D83-45C3-9F26-BAAFAD3BCE42}.Debug|Any CPU.ActiveCfg = Debug|Any CPU
		{6194D7D2-8D83-45C3-9F26-BAAFAD3BCE42}.Debug|Any CPU.Build.0 = Debug|Any CPU
		{6194D7D2-8D83-45C3-9F26-BAAFAD3BCE42}.Release|Any CPU.ActiveCfg = Release|Any CPU
		{6194D7D2-8D83-45C3-9F26-BAAFAD3BCE42}.Release|Any CPU.Build.0 = Release|Any CPU
		{4923D4B4-9884-44BF-84A0-9EA4030DC7F2}.Debug|Any CPU.ActiveCfg = Debug|Any CPU
		{4923D4B4-9884-44BF-84A0-9EA4030DC7F2}.Debug|Any CPU.Build.0 = Debug|Any CPU
		{4923D4B4-9884-44BF-84A0-9EA4030DC7F2}.Release|Any CPU.ActiveCfg = Release|Any CPU
		{4923D4B4-9884-44BF-84A0-9EA4030DC7F2}.Release|Any CPU.Build.0 = Release|Any CPU
		{AA9AFCF2-83CF-4657-ADE9-EE648EF5BC8D}.Debug|Any CPU.ActiveCfg = Debug|Any CPU
		{AA9AFCF2-83CF-4657-ADE9-EE648EF5BC8D}.Debug|Any CPU.Build.0 = Debug|Any CPU
		{AA9AFCF2-83CF-4657-ADE9-EE648EF5BC8D}.Release|Any CPU.ActiveCfg = Release|Any CPU
		{AA9AFCF2-83CF-4657-ADE9-EE648EF5BC8D}.Release|Any CPU.Build.0 = Release|Any CPU
	EndGlobalSection
	GlobalSection(SolutionProperties) = preSolution
		HideSolutionNode = FALSE
	EndGlobalSection
	GlobalSection(ExtensibilityGlobals) = postSolution
		SolutionGuid = {B6043B5B-B82F-4CBC-89AF-6FB0026C5CF8}
	EndGlobalSection
EndGlobal
