
Microsoft Visual Studio Solution File, Format Version 12.00
# Visual Studio Version 16
VisualStudioVersion = 16.0.28315.86
MinimumVisualStudioVersion = 10.0.40219.1
Project("{2150E333-8FDC-42A3-9474-1A3956D46DE8}") = "Solution Items", "Solution Items", "{5AB13D4A-CCA9-4616-A5D2-9255D164697F}"
	ProjectSection(SolutionItems) = preProject
		GitVersion.yml = GitVersion.yml
		icon.png = icon.png
		icon.svg = icon.svg
		License.txt = License.txt
		README.md = README.md
	EndProjectSection
EndProject
Project("{9A19103F-16F7-4668-BE54-9A1E7A4F7556}") = "DiceToolSample", "src\DiceToolSample\DiceToolSample.csproj", "{2D767EAC-A60A-4F06-B6E5-4E5028C47DF1}"
EndProject
Project("{9A19103F-16F7-4668-BE54-9A1E7A4F7556}") = "DiceTool.Parser", "src\DiceTool.Parser\DiceTool.Parser.csproj", "{6194D7D2-8D83-45C3-9F26-BAAFAD3BCE42}"
EndProject
Project("{9A19103F-16F7-4668-BE54-9A1E7A4F7556}") = "DiceTool.Ui", "src\DiceTool.Ui\DiceTool.Ui.csproj", "{4923D4B4-9884-44BF-84A0-9EA4030DC7F2}"
EndProject
Project("{2150E333-8FDC-42A3-9474-1A3956D46DE8}") = "workflows", "workflows", "{96D19BC2-ECA7-4C45-997C-D94122766555}"
	ProjectSection(SolutionItems) = preProject
		.github\workflows\release.yml = .github\workflows\release.yml
		.github\workflows\testBuild.yml = .github\workflows\testBuild.yml
	EndProjectSection
EndProject
Project("{2150E333-8FDC-42A3-9474-1A3956D46DE8}") = "Docs", "Docs", "{A8DED3BD-9708-484B-9637-0C0CC748372F}"
	ProjectSection(SolutionItems) = preProject
		docs\dice-language.md = docs\dice-language.md
		docs\Ui-Sample.png = docs\Ui-Sample.png
	EndProjectSection
EndProject
Project("{2150E333-8FDC-42A3-9474-1A3956D46DE8}") = "samples", "samples", "{E1772C6A-8DEF-4440-9B28-AB1D288413C7}"
	ProjectSection(SolutionItems) = preProject
		docs\samples\TDE-Fight.md = docs\samples\TDE-Fight.md
	EndProjectSection
EndProject
Project("{9A19103F-16F7-4668-BE54-9A1E7A4F7556}") = "DiceTool.Core", "src\DiceTool.Core\DiceTool.Core.csproj", "{F8934153-A672-4EA5-9EDF-3B1BB9A63ECD}"
EndProject
Global
	GlobalSection(SolutionConfigurationPlatforms) = preSolution
		Debug|Any CPU = Debug|Any CPU
		Release|Any CPU = Release|Any CPU
	EndGlobalSection
	GlobalSection(ProjectConfigurationPlatforms) = postSolution
		{2D767EAC-A60A-4F06-B6E5-4E5028C47DF1}.Debug|Any CPU.ActiveCfg = Debug|Any CPU
		{2D767EAC-A60A-4F06-B6E5-4E5028C47DF1}.Debug|Any CPU.Build.0 = Debug|Any CPU
		{2D767EAC-A60A-4F06-B6E5-4E5028C47DF1}.Release|Any CPU.ActiveCfg = Release|Any CPU
		{2D767EAC-A60A-4F06-B6E5-4E5028C47DF1}.Release|Any CPU.Build.0 = Release|Any CPU
		{6194D7D2-8D83-45C3-9F26-BAAFAD3BCE42}.Debug|Any CPU.ActiveCfg = Debug|Any CPU
		{6194D7D2-8D83-45C3-9F26-BAAFAD3BCE42}.Debug|Any CPU.Build.0 = Debug|Any CPU
		{6194D7D2-8D83-45C3-9F26-BAAFAD3BCE42}.Release|Any CPU.ActiveCfg = Release|Any CPU
		{6194D7D2-8D83-45C3-9F26-BAAFAD3BCE42}.Release|Any CPU.Build.0 = Release|Any CPU
		{4923D4B4-9884-44BF-84A0-9EA4030DC7F2}.Debug|Any CPU.ActiveCfg = Debug|Any CPU
		{4923D4B4-9884-44BF-84A0-9EA4030DC7F2}.Debug|Any CPU.Build.0 = Debug|Any CPU
		{4923D4B4-9884-44BF-84A0-9EA4030DC7F2}.Release|Any CPU.ActiveCfg = Release|Any CPU
		{4923D4B4-9884-44BF-84A0-9EA4030DC7F2}.Release|Any CPU.Build.0 = Release|Any CPU
		{F8934153-A672-4EA5-9EDF-3B1BB9A63ECD}.Debug|Any CPU.ActiveCfg = Debug|Any CPU
		{F8934153-A672-4EA5-9EDF-3B1BB9A63ECD}.Debug|Any CPU.Build.0 = Debug|Any CPU
		{F8934153-A672-4EA5-9EDF-3B1BB9A63ECD}.Release|Any CPU.ActiveCfg = Release|Any CPU
		{F8934153-A672-4EA5-9EDF-3B1BB9A63ECD}.Release|Any CPU.Build.0 = Release|Any CPU
	EndGlobalSection
	GlobalSection(SolutionProperties) = preSolution
		HideSolutionNode = FALSE
	EndGlobalSection
	GlobalSection(NestedProjects) = preSolution
		{E1772C6A-8DEF-4440-9B28-AB1D288413C7} = {A8DED3BD-9708-484B-9637-0C0CC748372F}
	EndGlobalSection
	GlobalSection(ExtensibilityGlobals) = postSolution
		SolutionGuid = {B6043B5B-B82F-4CBC-89AF-6FB0026C5CF8}
	EndGlobalSection
EndGlobal
