
Microsoft Visual Studio Solution File, Format Version 12.00
# Visual Studio Version 16
VisualStudioVersion = 16.0.28315.86
MinimumVisualStudioVersion = 10.0.40219.1
Project("{2150E333-8FDC-42A3-9474-1A3956D46DE8}") = "Solution Items", "Solution Items", "{5AB13D4A-CCA9-4616-A5D2-9255D164697F}"
	ProjectSection(SolutionItems) = preProject
		azure-pipelines.yml = azure-pipelines.yml
		icon.png = icon.png
		icon.svg = icon.svg
		License.txt = License.txt
		README.md = README.md
	EndProjectSection
EndProject
Project("{9A19103F-16F7-4668-BE54-9A1E7A4F7556}") = "DiceTool", "src\DiceTool\DiceTool.csproj", "{2F8660AB-27BC-459D-9536-8F1C8273C8B3}"
EndProject
Project("{9A19103F-16F7-4668-BE54-9A1E7A4F7556}") = "DiceToolSample", "src\DiceToolSample\DiceToolSample.csproj", "{2D767EAC-A60A-4F06-B6E5-4E5028C47DF1}"
EndProject
Project("{FAE04EC0-301F-11D3-BF4B-00C04F79EFBC}") = "DiceTool.Parser", "DiceTool.Parser\DiceTool.Parser.csproj", "{84ED9A57-7911-45BE-ACE4-1DAACD000E8D}"
EndProject
Global
	GlobalSection(SolutionConfigurationPlatforms) = preSolution
		Debug|Any CPU = Debug|Any CPU
		Release|Any CPU = Release|Any CPU
	EndGlobalSection
	GlobalSection(ProjectConfigurationPlatforms) = postSolution
		{2F8660AB-27BC-459D-9536-8F1C8273C8B3}.Debug|Any CPU.ActiveCfg = Debug|Any CPU
		{2F8660AB-27BC-459D-9536-8F1C8273C8B3}.Debug|Any CPU.Build.0 = Debug|Any CPU
		{2F8660AB-27BC-459D-9536-8F1C8273C8B3}.Release|Any CPU.ActiveCfg = Release|Any CPU
		{2F8660AB-27BC-459D-9536-8F1C8273C8B3}.Release|Any CPU.Build.0 = Release|Any CPU
		{2D767EAC-A60A-4F06-B6E5-4E5028C47DF1}.Debug|Any CPU.ActiveCfg = Debug|Any CPU
		{2D767EAC-A60A-4F06-B6E5-4E5028C47DF1}.Debug|Any CPU.Build.0 = Debug|Any CPU
		{2D767EAC-A60A-4F06-B6E5-4E5028C47DF1}.Release|Any CPU.ActiveCfg = Release|Any CPU
		{2D767EAC-A60A-4F06-B6E5-4E5028C47DF1}.Release|Any CPU.Build.0 = Release|Any CPU
		{84ED9A57-7911-45BE-ACE4-1DAACD000E8D}.Debug|Any CPU.ActiveCfg = Debug|Any CPU
		{84ED9A57-7911-45BE-ACE4-1DAACD000E8D}.Debug|Any CPU.Build.0 = Debug|Any CPU
		{84ED9A57-7911-45BE-ACE4-1DAACD000E8D}.Release|Any CPU.ActiveCfg = Release|Any CPU
		{84ED9A57-7911-45BE-ACE4-1DAACD000E8D}.Release|Any CPU.Build.0 = Release|Any CPU
	EndGlobalSection
	GlobalSection(SolutionProperties) = preSolution
		HideSolutionNode = FALSE
	EndGlobalSection
	GlobalSection(ExtensibilityGlobals) = postSolution
		SolutionGuid = {B6043B5B-B82F-4CBC-89AF-6FB0026C5CF8}
	EndGlobalSection
EndGlobal
