
Microsoft Visual Studio Solution File, Format Version 12.00
# Visual Studio 14
VisualStudioVersion = 14.0.25123.0
MinimumVisualStudioVersion = 10.0.40219.1
Project("{FAE04EC0-301F-11D3-BF4B-00C04F79EFBC}") = "DiceConsoleTest", "DiceConsoleTest\DiceConsoleTest.csproj", "{4ADC9B64-D5BE-4070-9AA4-2F9640B062B3}"
EndProject
Project("{FAE04EC0-301F-11D3-BF4B-00C04F79EFBC}") = "Dice", "Dice\Dice.csproj", "{6ADEDE6C-387C-4D6E-BB4F-177A0E327A18}"
EndProject
Project("{2150E333-8FDC-42A3-9474-1A3956D46DE8}") = "Sample", "Sample", "{B7919B72-969B-41EC-81A7-6BE5F027BE6A}"
EndProject
Global
	GlobalSection(SolutionConfigurationPlatforms) = preSolution
		Debug|Any CPU = Debug|Any CPU
		Release|Any CPU = Release|Any CPU
	EndGlobalSection
	GlobalSection(ProjectConfigurationPlatforms) = postSolution
		{4ADC9B64-D5BE-4070-9AA4-2F9640B062B3}.Debug|Any CPU.ActiveCfg = Debug|Any CPU
		{4ADC9B64-D5BE-4070-9AA4-2F9640B062B3}.Debug|Any CPU.Build.0 = Debug|Any CPU
		{4ADC9B64-D5BE-4070-9AA4-2F9640B062B3}.Release|Any CPU.ActiveCfg = Release|Any CPU
		{4ADC9B64-D5BE-4070-9AA4-2F9640B062B3}.Release|Any CPU.Build.0 = Release|Any CPU
		{6ADEDE6C-387C-4D6E-BB4F-177A0E327A18}.Debug|Any CPU.ActiveCfg = Debug|Any CPU
		{6ADEDE6C-387C-4D6E-BB4F-177A0E327A18}.Debug|Any CPU.Build.0 = Debug|Any CPU
		{6ADEDE6C-387C-4D6E-BB4F-177A0E327A18}.Release|Any CPU.ActiveCfg = Release|Any CPU
		{6ADEDE6C-387C-4D6E-BB4F-177A0E327A18}.Release|Any CPU.Build.0 = Release|Any CPU
	EndGlobalSection
	GlobalSection(SolutionProperties) = preSolution
		HideSolutionNode = FALSE
	EndGlobalSection
	GlobalSection(NestedProjects) = preSolution
		{4ADC9B64-D5BE-4070-9AA4-2F9640B062B3} = {B7919B72-969B-41EC-81A7-6BE5F027BE6A}
	EndGlobalSection
EndGlobal
